Microsoft Visual Studio Solution File, Format Version 12.00
# Visual Studio Version 17
VisualStudioVersion = 17.14.36202.13 d17.14
MinimumVisualStudioVersion = 10.0.40219.1
Project("{FAE04EC0-301F-11D3-BF4B-00C04F79EFBC}") = "Tea", "Tea\Tea.csproj", "{82F8F60A-D5E0-4A95-985C-4DEBC4F4DA43}"
EndProject
Project("{FAE04EC0-301F-11D3-BF4B-00C04F79EFBC}") = "Tea.Shared", "Tea.Shared\Tea.Shared.csproj", "{0C207377-2B1E-4AA2-BECE-B92CA1BF8470}"
EndProject
Project("{FAE04EC0-301F-11D3-BF4B-00C04F79EFBC}") = "Tea.Web", "Tea.Web\Tea.Web.csproj", "{86FCFB3A-CE5D-45B9-96F5-41ED7AB12010}"
EndProject
Global
	GlobalSection(SolutionConfigurationPlatforms) = preSolution
		Debug|Any CPU = Debug|Any CPU
		Release|Any CPU = Release|Any CPU
	EndGlobalSection
	GlobalSection(ProjectConfigurationPlatforms) = postSolution
		{82F8F60A-D5E0-4A95-985C-4DEBC4F4DA43}.Debug|Any CPU.ActiveCfg = Debug|Any CPU
		{82F8F60A-D5E0-4A95-985C-4DEBC4F4DA43}.Debug|Any CPU.Build.0 = Debug|Any CPU
		{82F8F60A-D5E0-4A95-985C-4DEBC4F4DA43}.Release|Any CPU.ActiveCfg = Release|Any CPU
		{82F8F60A-D5E0-4A95-985C-4DEBC4F4DA43}.Release|Any CPU.Build.0 = Release|Any CPU
		{0C207377-2B1E-4AA2-BECE-B92CA1BF8470}.Debug|Any CPU.ActiveCfg = Debug|Any CPU
		{0C207377-2B1E-4AA2-BECE-B92CA1BF8470}.Debug|Any CPU.Build.0 = Debug|Any CPU
		{0C207377-2B1E-4AA2-BECE-B92CA1BF8470}.Release|Any CPU.ActiveCfg = Release|Any CPU
		{0C207377-2B1E-4AA2-BECE-B92CA1BF8470}.Release|Any CPU.Build.0 = Release|Any CPU
		{86FCFB3A-CE5D-45B9-96F5-41ED7AB12010}.Debug|Any CPU.ActiveCfg = Debug|Any CPU
		{86FCFB3A-CE5D-45B9-96F5-41ED7AB12010}.Debug|Any CPU.Build.0 = Debug|Any CPU
		{86FCFB3A-CE5D-45B9-96F5-41ED7AB12010}.Release|Any CPU.ActiveCfg = Release|Any CPU
		{86FCFB3A-CE5D-45B9-96F5-41ED7AB12010}.Release|Any CPU.Build.0 = Release|Any CPU
	EndGlobalSection
	GlobalSection(SolutionProperties) = preSolution
		HideSolutionNode = FALSE
	EndGlobalSection
	GlobalSection(ExtensibilityGlobals) = postSolution
		SolutionGuid = {78B7A025-4DD8-4C3D-8A4F-C8B90974507E}
	EndGlobalSection
EndGlobal
